
Microsoft Visual Studio Solution File, Format Version 12.00
# Visual Studio Version 16
VisualStudioVersion = 16.0.33529.622
MinimumVisualStudioVersion = 10.0.40219.1
Project("{FAE04EC0-301F-11D3-BF4B-00C04F79EFBC}") = "final_assignment", "final_assignment\final_assignment.csproj", "{C5B7A7BE-CF84-4483-B46C-364F9DCBDEE1}"
EndProject
Global
	GlobalSection(SolutionConfigurationPlatforms) = preSolution
		Debug|Any CPU = Debug|Any CPU
		Release|Any CPU = Release|Any CPU
	EndGlobalSection
	GlobalSection(ProjectConfigurationPlatforms) = postSolution
		{C5B7A7BE-CF84-4483-B46C-364F9DCBDEE1}.Debug|Any CPU.ActiveCfg = Debug|Any CPU
		{C5B7A7BE-CF84-4483-B46C-364F9DCBDEE1}.Debug|Any CPU.Build.0 = Debug|Any CPU
		{C5B7A7BE-CF84-4483-B46C-364F9DCBDEE1}.Release|Any CPU.ActiveCfg = Release|Any CPU
		{C5B7A7BE-CF84-4483-B46C-364F9DCBDEE1}.Release|Any CPU.Build.0 = Release|Any CPU
	EndGlobalSection
	GlobalSection(SolutionProperties) = preSolution
		HideSolutionNode = FALSE
	EndGlobalSection
	GlobalSection(ExtensibilityGlobals) = postSolution
		SolutionGuid = {B0BEA8A0-0CF6-4D5C-AF6B-74F07086184D}
	EndGlobalSection
EndGlobal
